
Microsoft Visual Studio Solution File, Format Version 12.00
# Visual Studio Version 16
VisualStudioVersion = 16.0.29509.3
MinimumVisualStudioVersion = 10.0.40219.1
Project("{9A19103F-16F7-4668-BE54-9A1E7A4F7556}") = "amper-api-client", "amper-api-client\amper-api-client.csproj", "{67EC0972-62DA-4B61-9B7F-45E085C0E9E5}"
EndProject
Project("{FAE04EC0-301F-11D3-BF4B-00C04F79EFBC}") = "amper-api-library", "amper-api-library\amper-api-library.csproj", "{2BDC5BEC-37B0-4881-9A79-B8930106D2DA}"
EndProject
Global
	GlobalSection(SolutionConfigurationPlatforms) = preSolution
		Debug|Any CPU = Debug|Any CPU
		Release|Any CPU = Release|Any CPU
	EndGlobalSection
	GlobalSection(ProjectConfigurationPlatforms) = postSolution
		{67EC0972-62DA-4B61-9B7F-45E085C0E9E5}.Debug|Any CPU.ActiveCfg = Debug|Any CPU
		{67EC0972-62DA-4B61-9B7F-45E085C0E9E5}.Debug|Any CPU.Build.0 = Debug|Any CPU
		{67EC0972-62DA-4B61-9B7F-45E085C0E9E5}.Release|Any CPU.ActiveCfg = Release|Any CPU
		{67EC0972-62DA-4B61-9B7F-45E085C0E9E5}.Release|Any CPU.Build.0 = Release|Any CPU
		{2BDC5BEC-37B0-4881-9A79-B8930106D2DA}.Debug|Any CPU.ActiveCfg = Debug|Any CPU
		{2BDC5BEC-37B0-4881-9A79-B8930106D2DA}.Debug|Any CPU.Build.0 = Debug|Any CPU
		{2BDC5BEC-37B0-4881-9A79-B8930106D2DA}.Release|Any CPU.ActiveCfg = Release|Any CPU
		{2BDC5BEC-37B0-4881-9A79-B8930106D2DA}.Release|Any CPU.Build.0 = Release|Any CPU
	EndGlobalSection
	GlobalSection(SolutionProperties) = preSolution
		HideSolutionNode = FALSE
	EndGlobalSection
	GlobalSection(ExtensibilityGlobals) = postSolution
		SolutionGuid = {D31E409E-ABE5-4D81-8434-174B46B7EA70}
	EndGlobalSection
EndGlobal
