
Microsoft Visual Studio Solution File, Format Version 12.00
# Visual Studio Version 16
VisualStudioVersion = 16.0.31005.135
MinimumVisualStudioVersion = 10.0.40219.1
Project("{FAE04EC0-301F-11D3-BF4B-00C04F79EFBC}") = "AmperApiClient.NET", "AmperApiClient.NET.csproj", "{0A5A4548-7F22-47B7-ACC5-017D7619F33D}"
EndProject
Global
	GlobalSection(SolutionConfigurationPlatforms) = preSolution
		Debug|Any CPU = Debug|Any CPU
		Release|Any CPU = Release|Any CPU
	EndGlobalSection
	GlobalSection(ProjectConfigurationPlatforms) = postSolution
		{0A5A4548-7F22-47B7-ACC5-017D7619F33D}.Debug|Any CPU.ActiveCfg = Debug|Any CPU
		{0A5A4548-7F22-47B7-ACC5-017D7619F33D}.Debug|Any CPU.Build.0 = Debug|Any CPU
		{0A5A4548-7F22-47B7-ACC5-017D7619F33D}.Release|Any CPU.ActiveCfg = Release|Any CPU
		{0A5A4548-7F22-47B7-ACC5-017D7619F33D}.Release|Any CPU.Build.0 = Release|Any CPU
	EndGlobalSection
	GlobalSection(SolutionProperties) = preSolution
		HideSolutionNode = FALSE
	EndGlobalSection
	GlobalSection(ExtensibilityGlobals) = postSolution
		SolutionGuid = {998C8C53-AC86-423B-A2BC-03AC41D0F726}
	EndGlobalSection
EndGlobal
